schema: '2.0'
stages:
  train:
    cmd: python scripts/train_baseline.py --toy --out artifacts/scores.parquet
    deps:
    - path: scripts/train_baseline.py
      hash: md5
      md5: 75d132fe776aa193ce6c587550035787
      size: 4371
    outs:
    - path: artifacts/scores.parquet
      hash: md5
      md5: 742a5c6545f619237170a541f1a6913f
      size: 12702
  eval:
    cmd: python scripts/eval.py --scores artifacts/scores.parquet --out
      artifacts/metrics.json
    deps:
    - path: artifacts/scores.parquet
      hash: md5
      md5: 742a5c6545f619237170a541f1a6913f
      size: 12702
    - path: scripts/eval.py
      hash: md5
      md5: eb26aca897d0e542c266b9ee9950475a
      size: 5068
    - path: src/contracts
      hash: md5
      md5: 7d88ad174f35c39810a08ca4338f1838.dir
      size: 8727
      nfiles: 3
    outs:
    - path: artifacts/metrics.json
      hash: md5
      md5: 6327140bdb738bfd830c0a0dcf7f77a9
      size: 671
  build_contract:
    cmd: python scripts/build_contract.py --config configs/contract/v0.yaml
      --dataset configs/data/merged_v1.yaml --out-dir artifacts/contract_v0
      --seed 42
    deps:
    - path: configs/contract/endpoint_to_service.yaml
      hash: md5
      md5: 502bc873b80464ad8366925be54f460e
      size: 761
    - path: configs/contract/v0.yaml
      hash: md5
      md5: d528a7203bd8251c22f8743577b6a2be
      size: 982
    - path: configs/data/merged_v1.yaml
      hash: md5
      md5: 6b9ece9229608254dc0a2661ab0b7258
      size: 398
    - path: scripts/build_contract.py
      hash: md5
      md5: d418c83de49f7b5afcc415e7bd122388
      size: 17590
    - path: src/contracts/contract_v0.py
      hash: md5
      md5: c6e63c9f72db6cc8ed06db6ec0e2fb2d
      size: 2668
    - path: src/data/dataset_config.py
      hash: md5
      md5: 426a45a25ff9e214ec94ed35d6aa506d
      size: 1753
    - path: src/data/normalization.py
      hash: md5
      md5: c88e67e1ffd13e3b1b03a62211ac8114
      size: 4340
    - path: src/preprocessors
      hash: md5
      md5: 244c6f9e7366dad7143db1fb3e50c07e.dir
      size: 25508
      nfiles: 5
    outs:
    - path: artifacts/contract_v0/eval_all.parquet
      hash: md5
      md5: 307d95ab7f81e9f5a932a1abd873dda0
      size: 829084
    - path: artifacts/contract_v0/normalization_stats.json
      hash: md5
      md5: 41132d31816b36508ed277b5b8c4a819
      size: 13790
    - path: artifacts/contract_v0/schema.json
      hash: md5
      md5: 5ed6d4ff9d4cdae76fd181088066aa9e
      size: 1434
    - path: artifacts/contract_v0/train.parquet
      hash: md5
      md5: 7a47a6e08402e11e8bdc114236e6e0ca
      size: 58783
  train_v0:
    cmd: python scripts/train_baseline_v0.py --contract-dir
      artifacts/contract_v0 --out artifacts/baseline_v0/scores.parquet --seed 42
      --epochs 50
    deps:
    - path: artifacts/contract_v0/eval_all.parquet
      hash: md5
      md5: 307d95ab7f81e9f5a932a1abd873dda0
      size: 829084
    - path: artifacts/contract_v0/schema.json
      hash: md5
      md5: 5ed6d4ff9d4cdae76fd181088066aa9e
      size: 1434
    - path: artifacts/contract_v0/train.parquet
      hash: md5
      md5: 7a47a6e08402e11e8bdc114236e6e0ca
      size: 58783
    - path: scripts/train_baseline_v0.py
      hash: md5
      md5: 5d6846e28cb02a29b8a5ef7a2d870c45
      size: 6064
    - path: src/data/contract_dataloader.py
      hash: md5
      md5: 1935ff1ca8e7b26550f227c575dac5fb
      size: 5281
    - path: src/fusion/early_concat.py
      hash: md5
      md5: ebe71949901cdacb2b54535b174b3041
      size: 1004
    - path: src/models/deep_svdd.py
      hash: md5
      md5: aa16842416019ecaac32547ea3e634f4
      size: 2005
    outs:
    - path: artifacts/baseline_v0/scores.parquet
      hash: md5
      md5: 536e960deef52ee582badc7464ec45dd
      size: 259546
  eval_v0:
    cmd: python scripts/eval_baseline_v0.py --scores
      artifacts/baseline_v0/scores.parquet --out
      artifacts/baseline_v0/metrics.json
    deps:
    - path: artifacts/baseline_v0/scores.parquet
      hash: md5
      md5: 536e960deef52ee582badc7464ec45dd
      size: 259546
    - path: scripts/eval_baseline_v0.py
      hash: md5
      md5: 57d40b8c355e9280d6cd6117b0ed7d87
      size: 4466
    - path: src/contracts
      hash: md5
      md5: d8b1e3be74849001a7b3149b1920114f.dir
      size: 13690
      nfiles: 5
    outs:
    - path: artifacts/baseline_v0/metrics.json
      hash: md5
      md5: bb5edcb417a3e5935ff769d8469876a9
      size: 4676
