schema: '2.0'
stages:
  build_contract_new_merge_expanded:
    cmd: python scripts/build_contract.py --config
      configs/contract/v1_new_merge.yaml --dataset configs/data/new_merge.yaml
      --out-dir artifacts/contract_new_merge_expanded --seed 42
    deps:
    - path: configs/contract/endpoint_to_service.yaml
      hash: md5
      md5: 502bc873b80464ad8366925be54f460e
      size: 761
    - path: configs/contract/v1_new_merge.yaml
      hash: md5
      md5: 6aa006e49d5ebd432804981f95da8fca
      size: 3757
    - path: configs/data/new_merge.yaml
      hash: md5
      md5: 0023ff7f559ba82c0d32bc64d52db27a
      size: 1802
    - path: data/new_merge
      hash: md5
      md5: 2f049a3d96afd23ef0ddde375b0e6f01.dir
      size: 132155637198
      nfiles: 2268
    - path: scripts/build_contract.py
      hash: md5
      md5: cc42f3fb08b0eaa70f9bda8ffe0bc6d5
      size: 48785
    - path: src/contracts/contract_v0.py
      hash: md5
      md5: 590df3bed7881608fb29e7def424b161
      size: 4763
    - path: src/contracts/split_fault_phase.py
      hash: md5
      md5: 4f44fb9931ada5a641d37fe487a78f38
      size: 4305
    - path: src/contracts/split_v1.py
      hash: md5
      md5: ec45a0e5e4f028d7fb0f573abf92f844
      size: 2793
    - path: src/data/dataset_config.py
      hash: md5
      md5: 426a45a25ff9e214ec94ed35d6aa506d
      size: 1753
    - path: src/data/endpoint_baseline_stats.py
      hash: md5
      md5: fa5a97b8aed9268650f449b3ca26235b
      size: 8915
    - path: src/data/normalization.py
      hash: md5
      md5: 974246ed8c75097a4b6e630074e863a9
      size: 5674
    - path: src/preprocessors
      hash: md5
      md5: 66b951411af1d598edd9e63a402f18bd.dir
      size: 28385
      nfiles: 5
    outs:
    - path: artifacts/contract_new_merge_expanded/drain3.bin
      hash: md5
      md5: d7419e419b0bf569b15503d431932b65
      size: 16620
    - path: artifacts/contract_new_merge_expanded/endpoint_baseline_stats.json
      hash: md5
      md5: 44379136e54db3ac61a45bfc97b7e08a
      size: 11375
    - path: artifacts/contract_new_merge_expanded/eval_all.parquet
      hash: md5
      md5: d5fd440254c23af8e2fd95f1cb923301
      size: 798401
    - path: artifacts/contract_new_merge_expanded/eval_normal_holdout.parquet
      hash: md5
      md5: 52bad0000f12003161c29f34a544ee81
      size: 44407
    - path: artifacts/contract_new_merge_expanded/normalization_stats.json
      hash: md5
      md5: f4ccf61d459079cccad5d11251bcdee2
      size: 16967
    - path: artifacts/contract_new_merge_expanded/schema.json
      hash: md5
      md5: 9e31b1e0e0aaf60cad0622a4c495c221
      size: 1599
    - path: artifacts/contract_new_merge_expanded/train.parquet
      hash: md5
      md5: 32c84a116a81cfb6a6cd1b18ce20818f
      size: 593200
    - path: artifacts/contract_new_merge_expanded/train_fit.parquet
      hash: md5
      md5: 6a23d989ac5d8838e8a358097449c9c7
      size: 67030
    - path: artifacts/contract_new_merge_expanded/train_val.parquet
      hash: md5
      md5: f27d23b57e02308cf5c4fed10c9f945e
      size: 44797
  train_new_merge_concat:
    cmd: python scripts/train_baseline_v0.py
      contract_dir=artifacts/contract_new_merge_expanded
      out=artifacts/baseline_new_merge_concat/scores.parquet seed=42
      training.epochs=50 fusion=concat model=deep_svdd
    deps:
    - path: artifacts/contract_new_merge_expanded/eval_all.parquet
      hash: md5
      md5: d5fd440254c23af8e2fd95f1cb923301
      size: 798401
    - path: artifacts/contract_new_merge_expanded/schema.json
      hash: md5
      md5: 9e31b1e0e0aaf60cad0622a4c495c221
      size: 1599
    - path: artifacts/contract_new_merge_expanded/train.parquet
      hash: md5
      md5: 32c84a116a81cfb6a6cd1b18ce20818f
      size: 593200
    - path: configs/base.yaml
      hash: md5
      md5: 3a9e113ef5cad881cbd753e96d1b1842
      size: 573
    - path: configs/fusion/concat.yaml
      hash: md5
      md5: 8257cfffe8c05af594839237258eaf13
      size: 52
    - path: configs/model/deep_svdd.yaml
      hash: md5
      md5: 4a05564eb170d5d224e873bdd75799d5
      size: 67
    - path: configs/training/default.yaml
      hash: md5
      md5: 61c5ba5fe13c7e5b2e43155525373cb1
      size: 422
    - path: scripts/train_baseline_v0.py
      hash: md5
      md5: 76097712e72d7d283e7604c76f969094
      size: 8543
    - path: src/data/contract_dataloader.py
      hash: md5
      md5: 2dc1551d55e1a25994cc6d9eb4330433
      size: 5378
    - path: src/fusion/base.py
      hash: md5
      md5: bd9f6d36f107d3b725eed9c2ed54695f
      size: 1434
    - path: src/fusion/early_concat.py
      hash: md5
      md5: c7628f1d00008d5276d283c36a6bb98f
      size: 1274
    - path: src/models/deep_svdd.py
      hash: md5
      md5: aa16842416019ecaac32547ea3e634f4
      size: 2005
    outs:
    - path: artifacts/baseline_new_merge_concat/scores.parquet
      hash: md5
      md5: 2767a7eca1326797a69872b223dd0fdd
      size: 263335
  train_new_merge_gated:
    cmd: python scripts/train_baseline_v0.py
      contract_dir=artifacts/contract_new_merge_expanded
      out=artifacts/baseline_new_merge_gated/scores.parquet seed=42
      training.epochs=50 fusion=gated model=deep_svdd
    deps:
    - path: artifacts/contract_new_merge_expanded/eval_all.parquet
      hash: md5
      md5: d5fd440254c23af8e2fd95f1cb923301
      size: 798401
    - path: artifacts/contract_new_merge_expanded/schema.json
      hash: md5
      md5: 9e31b1e0e0aaf60cad0622a4c495c221
      size: 1599
    - path: artifacts/contract_new_merge_expanded/train.parquet
      hash: md5
      md5: 32c84a116a81cfb6a6cd1b18ce20818f
      size: 593200
    - path: configs/base.yaml
      hash: md5
      md5: 3a9e113ef5cad881cbd753e96d1b1842
      size: 573
    - path: configs/fusion/gated.yaml
      hash: md5
      md5: a79cd96b6eee10a70f926385d161e876
      size: 54
    - path: configs/model/deep_svdd.yaml
      hash: md5
      md5: 4a05564eb170d5d224e873bdd75799d5
      size: 67
    - path: configs/training/default.yaml
      hash: md5
      md5: 61c5ba5fe13c7e5b2e43155525373cb1
      size: 422
    - path: scripts/train_baseline_v0.py
      hash: md5
      md5: 76097712e72d7d283e7604c76f969094
      size: 8543
    - path: src/data/contract_dataloader.py
      hash: md5
      md5: 2dc1551d55e1a25994cc6d9eb4330433
      size: 5378
    - path: src/fusion/base.py
      hash: md5
      md5: bd9f6d36f107d3b725eed9c2ed54695f
      size: 1434
    - path: src/fusion/gated.py
      hash: md5
      md5: 29ebfa43d6d2f44d18d87ad9dc401d8e
      size: 2078
    - path: src/models/deep_svdd.py
      hash: md5
      md5: aa16842416019ecaac32547ea3e634f4
      size: 2005
    outs:
    - path: artifacts/baseline_new_merge_gated/scores.parquet
      hash: md5
      md5: ba24d7e2c8d66d698c10ff9317a6371d
      size: 263914
  train_new_merge_independent_concat:
    cmd: python scripts/train_baseline_v0.py
      contract_dir=artifacts/contract_new_merge_expanded
      out=artifacts/baseline_new_merge_independent_concat/scores.parquet seed=42
      training.epochs=50 fusion=independent_concat model=deep_svdd
    deps:
    - path: artifacts/contract_new_merge_expanded/eval_all.parquet
      hash: md5
      md5: d5fd440254c23af8e2fd95f1cb923301
      size: 798401
    - path: artifacts/contract_new_merge_expanded/schema.json
      hash: md5
      md5: 9e31b1e0e0aaf60cad0622a4c495c221
      size: 1599
    - path: artifacts/contract_new_merge_expanded/train.parquet
      hash: md5
      md5: 32c84a116a81cfb6a6cd1b18ce20818f
      size: 593200
    - path: configs/base.yaml
      hash: md5
      md5: 3a9e113ef5cad881cbd753e96d1b1842
      size: 573
    - path: configs/fusion/independent_concat.yaml
      hash: md5
      md5: d3693a6c4a70c7b8de439304ddbac006
      size: 79
    - path: configs/model/deep_svdd.yaml
      hash: md5
      md5: 4a05564eb170d5d224e873bdd75799d5
      size: 67
    - path: configs/training/default.yaml
      hash: md5
      md5: 61c5ba5fe13c7e5b2e43155525373cb1
      size: 422
    - path: scripts/train_baseline_v0.py
      hash: md5
      md5: 76097712e72d7d283e7604c76f969094
      size: 8543
    - path: src/data/contract_dataloader.py
      hash: md5
      md5: 2dc1551d55e1a25994cc6d9eb4330433
      size: 5378
    - path: src/fusion/base.py
      hash: md5
      md5: bd9f6d36f107d3b725eed9c2ed54695f
      size: 1434
    - path: src/fusion/independent_concat.py
      hash: md5
      md5: 2d8eac5116e1fb30f49c07af9ad20c33
      size: 1864
    - path: src/models/deep_svdd.py
      hash: md5
      md5: aa16842416019ecaac32547ea3e634f4
      size: 2005
    outs:
    - path: artifacts/baseline_new_merge_independent_concat/scores.parquet
      hash: md5
      md5: 9f36f0d81dd9f04608896db3535931bb
      size: 263764
  eval_new_merge_independent_concat:
    cmd: python scripts/eval_baseline_v0.py --scores
      artifacts/baseline_new_merge_independent_concat/scores.parquet --out
      artifacts/baseline_new_merge_independent_concat/metrics.json
    deps:
    - path: artifacts/baseline_new_merge_independent_concat/scores.parquet
      hash: md5
      md5: 9f36f0d81dd9f04608896db3535931bb
      size: 263764
    - path: scripts/eval_baseline_v0.py
      hash: md5
      md5: 57d40b8c355e9280d6cd6117b0ed7d87
      size: 4466
    - path: src/contracts
      hash: md5
      md5: c4795b8fd3ed1f280a5ae3b40bb51362.dir
      size: 30470
      nfiles: 8
    outs:
    - path: artifacts/baseline_new_merge_independent_concat/metrics.json
      hash: md5
      md5: bfb0911dc5d8e791a2480dc5e1f1a95d
      size: 4437
  eval_new_merge_gated:
    cmd: python scripts/eval_baseline_v0.py --scores
      artifacts/baseline_new_merge_gated/scores.parquet --out
      artifacts/baseline_new_merge_gated/metrics.json
    deps:
    - path: artifacts/baseline_new_merge_gated/scores.parquet
      hash: md5
      md5: ba24d7e2c8d66d698c10ff9317a6371d
      size: 263914
    - path: scripts/eval_baseline_v0.py
      hash: md5
      md5: 57d40b8c355e9280d6cd6117b0ed7d87
      size: 4466
    - path: src/contracts
      hash: md5
      md5: c4795b8fd3ed1f280a5ae3b40bb51362.dir
      size: 30470
      nfiles: 8
    outs:
    - path: artifacts/baseline_new_merge_gated/metrics.json
      hash: md5
      md5: 5e776df4fccb4339459dd5e6342753f3
      size: 4420
  eval_new_merge_concat:
    cmd: python scripts/eval_baseline_v0.py --scores
      artifacts/baseline_new_merge_concat/scores.parquet --out
      artifacts/baseline_new_merge_concat/metrics.json
    deps:
    - path: artifacts/baseline_new_merge_concat/scores.parquet
      hash: md5
      md5: 2767a7eca1326797a69872b223dd0fdd
      size: 263335
    - path: scripts/eval_baseline_v0.py
      hash: md5
      md5: 57d40b8c355e9280d6cd6117b0ed7d87
      size: 4466
    - path: src/contracts
      hash: md5
      md5: c4795b8fd3ed1f280a5ae3b40bb51362.dir
      size: 30470
      nfiles: 8
    outs:
    - path: artifacts/baseline_new_merge_concat/metrics.json
      hash: md5
      md5: 1ae1fe40d4e80fdb06f6b12800d1779b
      size: 4460
  train_new_merge_reliability_gate:
    cmd: python scripts/train_baseline_v0.py
      contract_dir=artifacts/contract_new_merge_expanded
      out=artifacts/baseline_new_merge_reliability_gate/scores.parquet seed=42
      training.epochs=50 fusion=reliability_gate model=deep_svdd
    deps:
    - path: artifacts/contract_new_merge_expanded/endpoint_baseline_stats.json
      hash: md5
      md5: 44379136e54db3ac61a45bfc97b7e08a
      size: 11375
    - path: artifacts/contract_new_merge_expanded/eval_all.parquet
      hash: md5
      md5: d5fd440254c23af8e2fd95f1cb923301
      size: 798401
    - path: artifacts/contract_new_merge_expanded/schema.json
      hash: md5
      md5: 9e31b1e0e0aaf60cad0622a4c495c221
      size: 1599
    - path: artifacts/contract_new_merge_expanded/train.parquet
      hash: md5
      md5: 32c84a116a81cfb6a6cd1b18ce20818f
      size: 593200
    - path: configs/base.yaml
      hash: md5
      md5: 3a9e113ef5cad881cbd753e96d1b1842
      size: 573
    - path: configs/contract/endpoint_to_service.yaml
      hash: md5
      md5: 502bc873b80464ad8366925be54f460e
      size: 761
    - path: configs/fusion/reliability_gate.yaml
      hash: md5
      md5: 8ba86baea32c895eb99888681605c203
      size: 89
    - path: configs/model/deep_svdd.yaml
      hash: md5
      md5: 4a05564eb170d5d224e873bdd75799d5
      size: 67
    - path: configs/training/default.yaml
      hash: md5
      md5: 61c5ba5fe13c7e5b2e43155525373cb1
      size: 422
    - path: scripts/train_baseline_v0.py
      hash: md5
      md5: 76097712e72d7d283e7604c76f969094
      size: 8543
    - path: src/data/contract_dataloader.py
      hash: md5
      md5: 2dc1551d55e1a25994cc6d9eb4330433
      size: 5378
    - path: src/data/endpoint_baseline_stats.py
      hash: md5
      md5: fa5a97b8aed9268650f449b3ca26235b
      size: 8915
    - path: src/fusion/base.py
      hash: md5
      md5: bd9f6d36f107d3b725eed9c2ed54695f
      size: 1434
    - path: src/fusion/reliability_gate.py
      hash: md5
      md5: d432d2d0a90218478b0146ff9f7a25c9
      size: 10120
    - path: src/models/deep_svdd.py
      hash: md5
      md5: aa16842416019ecaac32547ea3e634f4
      size: 2005
    outs:
    - path: artifacts/baseline_new_merge_reliability_gate/scores.parquet
      hash: md5
      md5: 617191535290eff46e21943fa06e2475
      size: 258405
  eval_new_merge_reliability_gate:
    cmd: python scripts/eval_baseline_v0.py --scores
      artifacts/baseline_new_merge_reliability_gate/scores.parquet --out
      artifacts/baseline_new_merge_reliability_gate/metrics.json
    deps:
    - path: artifacts/baseline_new_merge_reliability_gate/scores.parquet
      hash: md5
      md5: 617191535290eff46e21943fa06e2475
      size: 258405
    - path: scripts/eval_baseline_v0.py
      hash: md5
      md5: 57d40b8c355e9280d6cd6117b0ed7d87
      size: 4466
    - path: src/contracts
      hash: md5
      md5: c4795b8fd3ed1f280a5ae3b40bb51362.dir
      size: 30470
      nfiles: 8
    outs:
    - path: artifacts/baseline_new_merge_reliability_gate/metrics.json
      hash: md5
      md5: 3f57c8db85168fdce27e7040caa7ee30
      size: 4484
  train_new_merge_reliability_gate_indep_sigmoid:
    cmd: python scripts/train_baseline_v0.py
      contract_dir=artifacts/contract_new_merge_expanded
      out=artifacts/baseline_new_merge_reliability_gate_indep_sigmoid/scores.parquet
      seed=42 training.epochs=50 fusion=reliability_gate_ablation_indep_sigmoid
      model=deep_svdd
    deps:
    - path: artifacts/contract_new_merge_expanded/endpoint_baseline_stats.json
      hash: md5
      md5: 44379136e54db3ac61a45bfc97b7e08a
      size: 11375
    - path: artifacts/contract_new_merge_expanded/eval_all.parquet
      hash: md5
      md5: d5fd440254c23af8e2fd95f1cb923301
      size: 798401
    - path: artifacts/contract_new_merge_expanded/schema.json
      hash: md5
      md5: 9e31b1e0e0aaf60cad0622a4c495c221
      size: 1599
    - path: artifacts/contract_new_merge_expanded/train.parquet
      hash: md5
      md5: 32c84a116a81cfb6a6cd1b18ce20818f
      size: 593200
    - path: configs/base.yaml
      hash: md5
      md5: 3a9e113ef5cad881cbd753e96d1b1842
      size: 573
    - path: configs/contract/endpoint_to_service.yaml
      hash: md5
      md5: 502bc873b80464ad8366925be54f460e
      size: 761
    - path: configs/fusion/reliability_gate_ablation_indep_sigmoid.yaml
      hash: md5
      md5: 9ce41ae251184d0f4591d55944cbecfa
      size: 129
    - path: configs/model/deep_svdd.yaml
      hash: md5
      md5: 4a05564eb170d5d224e873bdd75799d5
      size: 67
    - path: configs/training/default.yaml
      hash: md5
      md5: 61c5ba5fe13c7e5b2e43155525373cb1
      size: 422
    - path: scripts/train_baseline_v0.py
      hash: md5
      md5: 76097712e72d7d283e7604c76f969094
      size: 8543
    - path: src/data/contract_dataloader.py
      hash: md5
      md5: 2dc1551d55e1a25994cc6d9eb4330433
      size: 5378
    - path: src/data/endpoint_baseline_stats.py
      hash: md5
      md5: fa5a97b8aed9268650f449b3ca26235b
      size: 8915
    - path: src/fusion/base.py
      hash: md5
      md5: bd9f6d36f107d3b725eed9c2ed54695f
      size: 1434
    - path: src/fusion/reliability_gate.py
      hash: md5
      md5: d432d2d0a90218478b0146ff9f7a25c9
      size: 10120
    - path: src/models/deep_svdd.py
      hash: md5
      md5: aa16842416019ecaac32547ea3e634f4
      size: 2005
    outs:
    - path:
        artifacts/baseline_new_merge_reliability_gate_indep_sigmoid/scores.parquet
      hash: md5
      md5: bc8a9597c875e7be850a72d6af8d3f7f
      size: 153231
  eval_new_merge_reliability_gate_indep_sigmoid:
    cmd: python scripts/eval_baseline_v0.py --scores
      artifacts/baseline_new_merge_reliability_gate_indep_sigmoid/scores.parquet
      --out
      artifacts/baseline_new_merge_reliability_gate_indep_sigmoid/metrics.json
    deps:
    - path:
        artifacts/baseline_new_merge_reliability_gate_indep_sigmoid/scores.parquet
      hash: md5
      md5: bc8a9597c875e7be850a72d6af8d3f7f
      size: 153231
    - path: scripts/eval_baseline_v0.py
      hash: md5
      md5: 57d40b8c355e9280d6cd6117b0ed7d87
      size: 4466
    - path: src/contracts
      hash: md5
      md5: c4795b8fd3ed1f280a5ae3b40bb51362.dir
      size: 30470
      nfiles: 8
    outs:
    - path:
        artifacts/baseline_new_merge_reliability_gate_indep_sigmoid/metrics.json
      hash: md5
      md5: 949a4ed4bd51c6edbd52417f71d90478
      size: 3989
  train_new_merge_deviation_weighted:
    cmd: python scripts/train_baseline_v0.py
      contract_dir=artifacts/contract_new_merge_expanded
      out=artifacts/baseline_new_merge_deviation_weighted/scores.parquet seed=42
      training.epochs=50 fusion=deviation_weighted model=deep_svdd
    deps:
    - path: artifacts/contract_new_merge_expanded/endpoint_baseline_stats.json
      hash: md5
      md5: 44379136e54db3ac61a45bfc97b7e08a
      size: 11375
    - path: artifacts/contract_new_merge_expanded/eval_all.parquet
      hash: md5
      md5: d5fd440254c23af8e2fd95f1cb923301
      size: 798401
    - path: artifacts/contract_new_merge_expanded/schema.json
      hash: md5
      md5: 9e31b1e0e0aaf60cad0622a4c495c221
      size: 1599
    - path: artifacts/contract_new_merge_expanded/train.parquet
      hash: md5
      md5: 32c84a116a81cfb6a6cd1b18ce20818f
      size: 593200
    - path: configs/base.yaml
      hash: md5
      md5: 3a9e113ef5cad881cbd753e96d1b1842
      size: 573
    - path: configs/contract/endpoint_to_service.yaml
      hash: md5
      md5: 502bc873b80464ad8366925be54f460e
      size: 761
    - path: configs/fusion/deviation_weighted.yaml
      hash: md5
      md5: cafc8488160147077c7e85388289fea5
      size: 79
    - path: configs/model/deep_svdd.yaml
      hash: md5
      md5: 4a05564eb170d5d224e873bdd75799d5
      size: 67
    - path: configs/training/default.yaml
      hash: md5
      md5: 61c5ba5fe13c7e5b2e43155525373cb1
      size: 422
    - path: scripts/train_baseline_v0.py
      hash: md5
      md5: 76097712e72d7d283e7604c76f969094
      size: 8543
    - path: src/data/contract_dataloader.py
      hash: md5
      md5: 2dc1551d55e1a25994cc6d9eb4330433
      size: 5378
    - path: src/data/endpoint_baseline_stats.py
      hash: md5
      md5: fa5a97b8aed9268650f449b3ca26235b
      size: 8915
    - path: src/fusion/base.py
      hash: md5
      md5: bd9f6d36f107d3b725eed9c2ed54695f
      size: 1434
    - path: src/fusion/deviation_weighted.py
      hash: md5
      md5: b46e352db1f364ce5b3b046897caae20
      size: 11275
    - path: src/models/deep_svdd.py
      hash: md5
      md5: aa16842416019ecaac32547ea3e634f4
      size: 2005
    outs:
    - path: artifacts/baseline_new_merge_deviation_weighted/scores.parquet
      hash: md5
      md5: 4fc6864143eca0fcb9e322605d0a9d79
      size: 263018
  eval_new_merge_deviation_weighted:
    cmd: python scripts/eval_baseline_v0.py --scores
      artifacts/baseline_new_merge_deviation_weighted/scores.parquet --out
      artifacts/baseline_new_merge_deviation_weighted/metrics.json
    deps:
    - path: artifacts/baseline_new_merge_deviation_weighted/scores.parquet
      hash: md5
      md5: 4fc6864143eca0fcb9e322605d0a9d79
      size: 263018
    - path: scripts/eval_baseline_v0.py
      hash: md5
      md5: 57d40b8c355e9280d6cd6117b0ed7d87
      size: 4466
    - path: src/contracts
      hash: md5
      md5: c4795b8fd3ed1f280a5ae3b40bb51362.dir
      size: 30470
      nfiles: 8
    outs:
    - path: artifacts/baseline_new_merge_deviation_weighted/metrics.json
      hash: md5
      md5: e1f11036968d8445c2564486273b07b2
      size: 4451
